
Microsoft Visual Studio Solution File, Format Version 12.00
# Visual Studio Version 17
VisualStudioVersion = 17.11.35219.272
MinimumVisualStudioVersion = 10.0.40219.1
Project("{FAE04EC0-301F-11D3-BF4B-00C04F79EFBC}") = "Even or Odd", "Even or Odd\Even or Odd.csproj", "{51778462-EF30-4D62-9822-76255A521CF5}"
EndProject
Global
	GlobalSection(SolutionConfigurationPlatforms) = preSolution
		Debug|Any CPU = Debug|Any CPU
		Release|Any CPU = Release|Any CPU
	EndGlobalSection
	GlobalSection(ProjectConfigurationPlatforms) = postSolution
		{51778462-EF30-4D62-9822-76255A521CF5}.Debug|Any CPU.ActiveCfg = Debug|Any CPU
		{51778462-EF30-4D62-9822-76255A521CF5}.Debug|Any CPU.Build.0 = Debug|Any CPU
		{51778462-EF30-4D62-9822-76255A521CF5}.Release|Any CPU.ActiveCfg = Release|Any CPU
		{51778462-EF30-4D62-9822-76255A521CF5}.Release|Any CPU.Build.0 = Release|Any CPU
	EndGlobalSection
	GlobalSection(SolutionProperties) = preSolution
		HideSolutionNode = FALSE
	EndGlobalSection
	GlobalSection(ExtensibilityGlobals) = postSolution
		SolutionGuid = {9A87053F-6E06-4DFC-A41C-2EAD52E02BC0}
	EndGlobalSection
EndGlobal
